
Microsoft Visual Studio Solution File, Format Version 12.00
# Visual Studio Version 17
VisualStudioVersion = 17.5.33424.131
MinimumVisualStudioVersion = 10.0.40219.1
Project("{FAE04EC0-301F-11D3-BF4B-00C04F79EFBC}") = "SaleShop.Shared", "SaleShop.Shared\SaleShop.Shared.csproj", "{EBABFB8B-CE53-41E5-9E42-B5D64B80561D}"
EndProject
Project("{FAE04EC0-301F-11D3-BF4B-00C04F79EFBC}") = "SaleShop.API", "SaleShop.API\SaleShop.API.csproj", "{BBA06101-B7E3-4491-BA77-32DFBF1B3904}"
EndProject
Project("{FAE04EC0-301F-11D3-BF4B-00C04F79EFBC}") = "SaleShop.WEB", "SaleShop.WEB\SaleShop.WEB.csproj", "{13D254BB-90B6-4730-BBAE-D5597B85479B}"
EndProject
Project("{FAE04EC0-301F-11D3-BF4B-00C04F79EFBC}") = "SaleShop.Mobile", "SaleShop.Mobile\SaleShop.Mobile.csproj", "{58791AE3-805D-48FD-8E36-6154226F1E80}"
EndProject
Global
	GlobalSection(SolutionConfigurationPlatforms) = preSolution
		Debug|Any CPU = Debug|Any CPU
		Release|Any CPU = Release|Any CPU
	EndGlobalSection
	GlobalSection(ProjectConfigurationPlatforms) = postSolution
		{EBABFB8B-CE53-41E5-9E42-B5D64B80561D}.Debug|Any CPU.ActiveCfg = Debug|Any CPU
		{EBABFB8B-CE53-41E5-9E42-B5D64B80561D}.Debug|Any CPU.Build.0 = Debug|Any CPU
		{EBABFB8B-CE53-41E5-9E42-B5D64B80561D}.Release|Any CPU.ActiveCfg = Release|Any CPU
		{EBABFB8B-CE53-41E5-9E42-B5D64B80561D}.Release|Any CPU.Build.0 = Release|Any CPU
		{BBA06101-B7E3-4491-BA77-32DFBF1B3904}.Debug|Any CPU.ActiveCfg = Debug|Any CPU
		{BBA06101-B7E3-4491-BA77-32DFBF1B3904}.Debug|Any CPU.Build.0 = Debug|Any CPU
		{BBA06101-B7E3-4491-BA77-32DFBF1B3904}.Release|Any CPU.ActiveCfg = Release|Any CPU
		{BBA06101-B7E3-4491-BA77-32DFBF1B3904}.Release|Any CPU.Build.0 = Release|Any CPU
		{13D254BB-90B6-4730-BBAE-D5597B85479B}.Debug|Any CPU.ActiveCfg = Debug|Any CPU
		{13D254BB-90B6-4730-BBAE-D5597B85479B}.Debug|Any CPU.Build.0 = Debug|Any CPU
		{13D254BB-90B6-4730-BBAE-D5597B85479B}.Release|Any CPU.ActiveCfg = Release|Any CPU
		{13D254BB-90B6-4730-BBAE-D5597B85479B}.Release|Any CPU.Build.0 = Release|Any CPU
		{58791AE3-805D-48FD-8E36-6154226F1E80}.Debug|Any CPU.ActiveCfg = Debug|Any CPU
		{58791AE3-805D-48FD-8E36-6154226F1E80}.Debug|Any CPU.Build.0 = Debug|Any CPU
		{58791AE3-805D-48FD-8E36-6154226F1E80}.Debug|Any CPU.Deploy.0 = Debug|Any CPU
		{58791AE3-805D-48FD-8E36-6154226F1E80}.Release|Any CPU.ActiveCfg = Release|Any CPU
		{58791AE3-805D-48FD-8E36-6154226F1E80}.Release|Any CPU.Build.0 = Release|Any CPU
		{58791AE3-805D-48FD-8E36-6154226F1E80}.Release|Any CPU.Deploy.0 = Release|Any CPU
	EndGlobalSection
	GlobalSection(SolutionProperties) = preSolution
		HideSolutionNode = FALSE
	EndGlobalSection
	GlobalSection(ExtensibilityGlobals) = postSolution
		SolutionGuid = {DD8FD9D1-9877-4E28-9432-264EAF301D39}
	EndGlobalSection
EndGlobal
